
Microsoft Visual Studio Solution File, Format Version 12.00
# Visual Studio Version 16
VisualStudioVersion = 16.0.810.11
MinimumVisualStudioVersion = 10.0.40219.1
Project("{FAE04EC0-301F-11D3-BF4B-00C04F79EFBC}") = "DotNetDatabase", "DotNetDatabase.csproj", "{C2274E7E-7C35-467B-A125-336B647BDD92}"
EndProject
Project("{FAE04EC0-301F-11D3-BF4B-00C04F79EFBC}") = "BooksLibrary", "BooksLibrary\BooksLibrary.csproj", "{90ADFA89-CAA4-4A71-8BCB-1537EB2DE537}"
EndProject
Global
	GlobalSection(SolutionConfigurationPlatforms) = preSolution
		Debug|Any CPU = Debug|Any CPU
		Release|Any CPU = Release|Any CPU
	EndGlobalSection
	GlobalSection(ProjectConfigurationPlatforms) = postSolution
		{C2274E7E-7C35-467B-A125-336B647BDD92}.Debug|Any CPU.ActiveCfg = Debug|Any CPU
		{C2274E7E-7C35-467B-A125-336B647BDD92}.Debug|Any CPU.Build.0 = Debug|Any CPU
		{C2274E7E-7C35-467B-A125-336B647BDD92}.Release|Any CPU.ActiveCfg = Release|Any CPU
		{C2274E7E-7C35-467B-A125-336B647BDD92}.Release|Any CPU.Build.0 = Release|Any CPU
		{90ADFA89-CAA4-4A71-8BCB-1537EB2DE537}.Debug|Any CPU.ActiveCfg = Debug|Any CPU
		{90ADFA89-CAA4-4A71-8BCB-1537EB2DE537}.Debug|Any CPU.Build.0 = Debug|Any CPU
		{90ADFA89-CAA4-4A71-8BCB-1537EB2DE537}.Release|Any CPU.ActiveCfg = Release|Any CPU
		{90ADFA89-CAA4-4A71-8BCB-1537EB2DE537}.Release|Any CPU.Build.0 = Release|Any CPU
	EndGlobalSection
	GlobalSection(SolutionProperties) = preSolution
		HideSolutionNode = FALSE
	EndGlobalSection
	GlobalSection(ExtensibilityGlobals) = postSolution
		SolutionGuid = {F8CB3DC6-7DBC-4B8C-A051-56B64FE328DD}
	EndGlobalSection
EndGlobal
